
Microsoft Visual Studio Solution File, Format Version 12.00
# Visual Studio 15
VisualStudioVersion = 15.0.28307.489
MinimumVisualStudioVersion = 10.0.40219.1
Project("{FAE04EC0-301F-11D3-BF4B-00C04F79EFBC}") = "Interpreter", "Interpreter\Interpreter.csproj", "{85DEE4F9-E9BD-435C-878C-B7BE242E805B}"
EndProject
Project("{FAE04EC0-301F-11D3-BF4B-00C04F79EFBC}") = "Proxy", "Proxy\Proxy.csproj", "{3B1A2B05-574B-4D0E-809F-4C91AC52E550}"
EndProject
Global
	GlobalSection(SolutionConfigurationPlatforms) = preSolution
		Debug|Any CPU = Debug|Any CPU
		Release|Any CPU = Release|Any CPU
	EndGlobalSection
	GlobalSection(ProjectConfigurationPlatforms) = postSolution
		{85DEE4F9-E9BD-435C-878C-B7BE242E805B}.Debug|Any CPU.ActiveCfg = Debug|Any CPU
		{85DEE4F9-E9BD-435C-878C-B7BE242E805B}.Debug|Any CPU.Build.0 = Debug|Any CPU
		{85DEE4F9-E9BD-435C-878C-B7BE242E805B}.Release|Any CPU.ActiveCfg = Release|Any CPU
		{85DEE4F9-E9BD-435C-878C-B7BE242E805B}.Release|Any CPU.Build.0 = Release|Any CPU
		{3B1A2B05-574B-4D0E-809F-4C91AC52E550}.Debug|Any CPU.ActiveCfg = Debug|Any CPU
		{3B1A2B05-574B-4D0E-809F-4C91AC52E550}.Debug|Any CPU.Build.0 = Debug|Any CPU
		{3B1A2B05-574B-4D0E-809F-4C91AC52E550}.Release|Any CPU.ActiveCfg = Release|Any CPU
		{3B1A2B05-574B-4D0E-809F-4C91AC52E550}.Release|Any CPU.Build.0 = Release|Any CPU
	EndGlobalSection
	GlobalSection(SolutionProperties) = preSolution
		HideSolutionNode = FALSE
	EndGlobalSection
	GlobalSection(ExtensibilityGlobals) = postSolution
		SolutionGuid = {9DAD1A58-9FF6-43B9-B9BF-E66A4494B127}
	EndGlobalSection
EndGlobal
